
Microsoft Visual Studio Solution File, Format Version 12.00
# Visual Studio 15
VisualStudioVersion = 15.0.26730.16
MinimumVisualStudioVersion = 10.0.40219.1
Project("{2150E333-8FDC-42A3-9474-1A3956D46DE8}") = "Solution Items", "Solution Items", "{38F03178-EBEF-483E-881A-55FCEB5CD927}"
	ProjectSection(SolutionItems) = preProject
		docs\todo_items.json = docs\todo_items.json
	EndProjectSection
EndProject
Project("{9A19103F-16F7-4668-BE54-9A1E7A4F7556}") = "VarzeaFootballManager.Api", "src\VarzeaFootballManager.Api\VarzeaFootballManager.Api.csproj", "{DF29C901-C0B4-46F8-AA0F-C8D3703A5BE1}"
EndProject
Project("{9A19103F-16F7-4668-BE54-9A1E7A4F7556}") = "VarzeaFootballManager.Persistence", "src\VarzeaFootballManager.Persistence\VarzeaFootballManager.Persistence.csproj", "{210E2D97-7016-481A-8AB3-18334E39386E}"
EndProject
Project("{9A19103F-16F7-4668-BE54-9A1E7A4F7556}") = "VarzeaFootballManager.Application", "src\VarzeaFootballManager.Application\VarzeaFootballManager.Application.csproj", "{39D3007E-DAAC-490A-921D-DE9A4C7D6F98}"
EndProject
Project("{9A19103F-16F7-4668-BE54-9A1E7A4F7556}") = "VarzeaFootballManager.Domain", "src\VarzeaFootballManager.Domain\VarzeaFootballManager.Domain.csproj", "{A7310D42-845F-41B5-BF46-E506D1DD4865}"
EndProject
Project("{9A19103F-16F7-4668-BE54-9A1E7A4F7556}") = "VarzeaFootballManager.Infrastructure", "src\VarzeaFootballManager.Infrastructure\VarzeaFootballManager.Infrastructure.csproj", "{1EA1E0E5-C654-47CB-968E-7F905528ED09}"
EndProject
Global
	GlobalSection(SolutionConfigurationPlatforms) = preSolution
		Debug|Any CPU = Debug|Any CPU
		Release|Any CPU = Release|Any CPU
	EndGlobalSection
	GlobalSection(ProjectConfigurationPlatforms) = postSolution
		{DF29C901-C0B4-46F8-AA0F-C8D3703A5BE1}.Debug|Any CPU.ActiveCfg = Debug|Any CPU
		{DF29C901-C0B4-46F8-AA0F-C8D3703A5BE1}.Debug|Any CPU.Build.0 = Debug|Any CPU
		{DF29C901-C0B4-46F8-AA0F-C8D3703A5BE1}.Release|Any CPU.ActiveCfg = Release|Any CPU
		{DF29C901-C0B4-46F8-AA0F-C8D3703A5BE1}.Release|Any CPU.Build.0 = Release|Any CPU
		{210E2D97-7016-481A-8AB3-18334E39386E}.Debug|Any CPU.ActiveCfg = Debug|Any CPU
		{210E2D97-7016-481A-8AB3-18334E39386E}.Debug|Any CPU.Build.0 = Debug|Any CPU
		{210E2D97-7016-481A-8AB3-18334E39386E}.Release|Any CPU.ActiveCfg = Release|Any CPU
		{210E2D97-7016-481A-8AB3-18334E39386E}.Release|Any CPU.Build.0 = Release|Any CPU
		{39D3007E-DAAC-490A-921D-DE9A4C7D6F98}.Debug|Any CPU.ActiveCfg = Debug|Any CPU
		{39D3007E-DAAC-490A-921D-DE9A4C7D6F98}.Debug|Any CPU.Build.0 = Debug|Any CPU
		{39D3007E-DAAC-490A-921D-DE9A4C7D6F98}.Release|Any CPU.ActiveCfg = Release|Any CPU
		{39D3007E-DAAC-490A-921D-DE9A4C7D6F98}.Release|Any CPU.Build.0 = Release|Any CPU
		{A7310D42-845F-41B5-BF46-E506D1DD4865}.Debug|Any CPU.ActiveCfg = Debug|Any CPU
		{A7310D42-845F-41B5-BF46-E506D1DD4865}.Debug|Any CPU.Build.0 = Debug|Any CPU
		{A7310D42-845F-41B5-BF46-E506D1DD4865}.Release|Any CPU.ActiveCfg = Release|Any CPU
		{A7310D42-845F-41B5-BF46-E506D1DD4865}.Release|Any CPU.Build.0 = Release|Any CPU
		{1EA1E0E5-C654-47CB-968E-7F905528ED09}.Debug|Any CPU.ActiveCfg = Debug|Any CPU
		{1EA1E0E5-C654-47CB-968E-7F905528ED09}.Debug|Any CPU.Build.0 = Debug|Any CPU
		{1EA1E0E5-C654-47CB-968E-7F905528ED09}.Release|Any CPU.ActiveCfg = Release|Any CPU
		{1EA1E0E5-C654-47CB-968E-7F905528ED09}.Release|Any CPU.Build.0 = Release|Any CPU
	EndGlobalSection
	GlobalSection(SolutionProperties) = preSolution
		HideSolutionNode = FALSE
	EndGlobalSection
	GlobalSection(ExtensibilityGlobals) = postSolution
		SolutionGuid = {221D9F4C-D976-4F16-AC72-974354809A68}
	EndGlobalSection
EndGlobal
